Microsoft Visual Studio Solution File, Format Version 11.00
# Visual Studio 2008

Project("{B35155CA-0280-031D-E1BC-C433CF2A0626}") = "Trapped Alive Take Two", "Assembly-CSharp.csproj", "{89746456-C0D7-94F0-682E-8006C44280A5}"
EndProject
Global
	GlobalSection(SolutionConfigurationPlatforms) = preSolution
		Debug|Any CPU = Debug|Any CPU
		Release|Any CPU = Release|Any CPU
	EndGlobalSection
	GlobalSection(ProjectConfigurationPlatforms) = postSolution
		{89746456-C0D7-94F0-682E-8006C44280A5}.Debug|Any CPU.ActiveCfg = Debug|Any CPU
		{89746456-C0D7-94F0-682E-8006C44280A5}.Debug|Any CPU.Build.0 = Debug|Any CPU
		{89746456-C0D7-94F0-682E-8006C44280A5}.Release|Any CPU.ActiveCfg = Release|Any CPU
		{89746456-C0D7-94F0-682E-8006C44280A5}.Release|Any CPU.Build.0 = Release|Any CPU
	EndGlobalSection
	GlobalSection(SolutionProperties) = preSolution
		HideSolutionNode = FALSE
	EndGlobalSection
	GlobalSection(MonoDevelopProperties) = preSolution
		StartupItem = Assembly-CSharp.csproj
	EndGlobalSection
EndGlobal
