
Microsoft Visual Studio Solution File, Format Version 12.00
# Visual Studio 2015
Project("{FAE04EC0-301F-11D3-BF4B-00C04F79EFBC}") = "Trapped Alive Take Two.CSharp", "Trapped Alive Take Two.CSharp.csproj", "{A1CB4439-4497-0B89-500F-9DB1B2223557}"
EndProject
Global
	GlobalSection(SolutionConfigurationPlatforms) = preSolution
		Debug|Any CPU = Debug|Any CPU
		Release|Any CPU = Release|Any CPU
	EndGlobalSection
	GlobalSection(ProjectConfigurationPlatforms) = postSolution
		{A1CB4439-4497-0B89-500F-9DB1B2223557}.Debug|Any CPU.ActiveCfg = Debug|Any CPU
		{A1CB4439-4497-0B89-500F-9DB1B2223557}.Debug|Any CPU.Build.0 = Debug|Any CPU
		{A1CB4439-4497-0B89-500F-9DB1B2223557}.Release|Any CPU.ActiveCfg = Release|Any CPU
		{A1CB4439-4497-0B89-500F-9DB1B2223557}.Release|Any CPU.Build.0 = Release|Any CPU
	EndGlobalSection
	GlobalSection(SolutionProperties) = preSolution
		HideSolutionNode = FALSE
	EndGlobalSection
EndGlobal
